
Microsoft Visual Studio Solution File, Format Version 12.00
# Visual Studio Version 17
VisualStudioVersion = 17.0.32014.148
MinimumVisualStudioVersion = 10.0.40219.1
Project("{FAE04EC0-301F-11D3-BF4B-00C04F79EFBC}") = "ReverseString", "ReverseString.csproj", "{9402B06A-9C90-4CA6-BB16-8F1DD9714BCE}"
EndProject
Global
	GlobalSection(SolutionConfigurationPlatforms) = preSolution
		Debug|Any CPU = Debug|Any CPU
		Release|Any CPU = Release|Any CPU
	EndGlobalSection
	GlobalSection(ProjectConfigurationPlatforms) = postSolution
		{9402B06A-9C90-4CA6-BB16-8F1DD9714BCE}.Debug|Any CPU.ActiveCfg = Debug|Any CPU
		{9402B06A-9C90-4CA6-BB16-8F1DD9714BCE}.Debug|Any CPU.Build.0 = Debug|Any CPU
		{9402B06A-9C90-4CA6-BB16-8F1DD9714BCE}.Release|Any CPU.ActiveCfg = Release|Any CPU
		{9402B06A-9C90-4CA6-BB16-8F1DD9714BCE}.Release|Any CPU.Build.0 = Release|Any CPU
	EndGlobalSection
	GlobalSection(SolutionProperties) = preSolution
		HideSolutionNode = FALSE
	EndGlobalSection
	GlobalSection(ExtensibilityGlobals) = postSolution
		SolutionGuid = {96A96D40-B705-42C8-900F-E2FF75ED0E40}
	EndGlobalSection
EndGlobal
